
Microsoft Visual Studio Solution File, Format Version 12.00
# Visual Studio Version 17
VisualStudioVersion = 17.3.32804.467
MinimumVisualStudioVersion = 10.0.40219.1
Project("{9A19103F-16F7-4668-BE54-9A1E7A4F7556}") = "ProjectDemoXaf.Module", "ProjectDemoXaf.Module\ProjectDemoXaf.Module.csproj", "{C138583A-C6FF-4A9A-A6E3-F3DE2ADD893E}"
EndProject
Project("{9A19103F-16F7-4668-BE54-9A1E7A4F7556}") = "ProjectDemoXaf.Blazor.Server", "ProjectDemoXaf.Blazor.Server\ProjectDemoXaf.Blazor.Server.csproj", "{882A5E7C-D82C-4183-B877-C8BF1F47DEF2}"
EndProject
Global
	GlobalSection(SolutionConfigurationPlatforms) = preSolution
		Debug|Any CPU = Debug|Any CPU
		EasyTest|Any CPU = EasyTest|Any CPU
		Release|Any CPU = Release|Any CPU
	EndGlobalSection
	GlobalSection(ProjectConfigurationPlatforms) = postSolution
		{C138583A-C6FF-4A9A-A6E3-F3DE2ADD893E}.Debug|Any CPU.ActiveCfg = Debug|Any CPU
		{C138583A-C6FF-4A9A-A6E3-F3DE2ADD893E}.Debug|Any CPU.Build.0 = Debug|Any CPU
		{C138583A-C6FF-4A9A-A6E3-F3DE2ADD893E}.EasyTest|Any CPU.ActiveCfg = EasyTest|Any CPU
		{C138583A-C6FF-4A9A-A6E3-F3DE2ADD893E}.EasyTest|Any CPU.Build.0 = EasyTest|Any CPU
		{C138583A-C6FF-4A9A-A6E3-F3DE2ADD893E}.Release|Any CPU.ActiveCfg = Release|Any CPU
		{C138583A-C6FF-4A9A-A6E3-F3DE2ADD893E}.Release|Any CPU.Build.0 = Release|Any CPU
		{882A5E7C-D82C-4183-B877-C8BF1F47DEF2}.Debug|Any CPU.ActiveCfg = Debug|Any CPU
		{882A5E7C-D82C-4183-B877-C8BF1F47DEF2}.Debug|Any CPU.Build.0 = Debug|Any CPU
		{882A5E7C-D82C-4183-B877-C8BF1F47DEF2}.EasyTest|Any CPU.ActiveCfg = EasyTest|Any CPU
		{882A5E7C-D82C-4183-B877-C8BF1F47DEF2}.EasyTest|Any CPU.Build.0 = EasyTest|Any CPU
		{882A5E7C-D82C-4183-B877-C8BF1F47DEF2}.Release|Any CPU.ActiveCfg = Release|Any CPU
		{882A5E7C-D82C-4183-B877-C8BF1F47DEF2}.Release|Any CPU.Build.0 = Release|Any CPU
	EndGlobalSection
	GlobalSection(SolutionProperties) = preSolution
		HideSolutionNode = FALSE
	EndGlobalSection
	GlobalSection(ExtensibilityGlobals) = postSolution
		SolutionGuid = {1EC8FAC6-663D-40FF-9260-901BF7B65A21}
	EndGlobalSection
EndGlobal
